
Microsoft Visual Studio Solution File, Format Version 12.00
# Visual Studio Version 17
VisualStudioVersion = 17.7.34031.279
MinimumVisualStudioVersion = 10.0.40219.1
Project("{F184B08F-C81C-45F6-A57F-5ABD9991F28F}") = "RPS", "RPS\RPS.vbproj", "{B75E3345-A8BD-40AC-8863-46BBCF42D5EA}"
EndProject
Global
	GlobalSection(SolutionConfigurationPlatforms) = preSolution
		Debug|Any CPU = Debug|Any CPU
		Release|Any CPU = Release|Any CPU
	EndGlobalSection
	GlobalSection(ProjectConfigurationPlatforms) = postSolution
		{B75E3345-A8BD-40AC-8863-46BBCF42D5EA}.Debug|Any CPU.ActiveCfg = Debug|Any CPU
		{B75E3345-A8BD-40AC-8863-46BBCF42D5EA}.Debug|Any CPU.Build.0 = Debug|Any CPU
		{B75E3345-A8BD-40AC-8863-46BBCF42D5EA}.Release|Any CPU.ActiveCfg = Release|Any CPU
		{B75E3345-A8BD-40AC-8863-46BBCF42D5EA}.Release|Any CPU.Build.0 = Release|Any CPU
	EndGlobalSection
	GlobalSection(SolutionProperties) = preSolution
		HideSolutionNode = FALSE
	EndGlobalSection
	GlobalSection(ExtensibilityGlobals) = postSolution
		SolutionGuid = {C00F8766-4E35-4173-9C47-69820B09C1BF}
	EndGlobalSection
EndGlobal
